
Microsoft Visual Studio Solution File, Format Version 12.00
# Visual Studio Version 17
VisualStudioVersion = 17.0.31912.275
MinimumVisualStudioVersion = 10.0.40219.1
Project("{FAE04EC0-301F-11D3-BF4B-00C04F79EFBC}") = "task1", "task1\task1.csproj", "{D6B31666-C8FB-4990-844E-EAA300E62E4F}"
EndProject
Project("{FAE04EC0-301F-11D3-BF4B-00C04F79EFBC}") = "task2", "task2\task2.csproj", "{46A00A79-38BB-4382-8672-655E958A0B3F}"
EndProject
Project("{FAE04EC0-301F-11D3-BF4B-00C04F79EFBC}") = "task3", "task3\task3.csproj", "{3CB90E11-458C-47FD-98B6-B6E5B6DCFA81}"
EndProject
Project("{FAE04EC0-301F-11D3-BF4B-00C04F79EFBC}") = "task4", "task4\task4.csproj", "{47950133-BA30-448D-AF21-A084CBC6CA81}"
EndProject
Global
	GlobalSection(SolutionConfigurationPlatforms) = preSolution
		Debug|Any CPU = Debug|Any CPU
		Release|Any CPU = Release|Any CPU
	EndGlobalSection
	GlobalSection(ProjectConfigurationPlatforms) = postSolution
		{D6B31666-C8FB-4990-844E-EAA300E62E4F}.Debug|Any CPU.ActiveCfg = Debug|Any CPU
		{D6B31666-C8FB-4990-844E-EAA300E62E4F}.Debug|Any CPU.Build.0 = Debug|Any CPU
		{D6B31666-C8FB-4990-844E-EAA300E62E4F}.Release|Any CPU.ActiveCfg = Release|Any CPU
		{D6B31666-C8FB-4990-844E-EAA300E62E4F}.Release|Any CPU.Build.0 = Release|Any CPU
		{46A00A79-38BB-4382-8672-655E958A0B3F}.Debug|Any CPU.ActiveCfg = Debug|Any CPU
		{46A00A79-38BB-4382-8672-655E958A0B3F}.Debug|Any CPU.Build.0 = Debug|Any CPU
		{46A00A79-38BB-4382-8672-655E958A0B3F}.Release|Any CPU.ActiveCfg = Release|Any CPU
		{46A00A79-38BB-4382-8672-655E958A0B3F}.Release|Any CPU.Build.0 = Release|Any CPU
		{3CB90E11-458C-47FD-98B6-B6E5B6DCFA81}.Debug|Any CPU.ActiveCfg = Debug|Any CPU
		{3CB90E11-458C-47FD-98B6-B6E5B6DCFA81}.Debug|Any CPU.Build.0 = Debug|Any CPU
		{3CB90E11-458C-47FD-98B6-B6E5B6DCFA81}.Release|Any CPU.ActiveCfg = Release|Any CPU
		{3CB90E11-458C-47FD-98B6-B6E5B6DCFA81}.Release|Any CPU.Build.0 = Release|Any CPU
		{47950133-BA30-448D-AF21-A084CBC6CA81}.Debug|Any CPU.ActiveCfg = Debug|Any CPU
		{47950133-BA30-448D-AF21-A084CBC6CA81}.Debug|Any CPU.Build.0 = Debug|Any CPU
		{47950133-BA30-448D-AF21-A084CBC6CA81}.Release|Any CPU.ActiveCfg = Release|Any CPU
		{47950133-BA30-448D-AF21-A084CBC6CA81}.Release|Any CPU.Build.0 = Release|Any CPU
	EndGlobalSection
	GlobalSection(SolutionProperties) = preSolution
		HideSolutionNode = FALSE
	EndGlobalSection
	GlobalSection(ExtensibilityGlobals) = postSolution
		SolutionGuid = {C2771860-EA5F-4639-A3D2-0335A76115EB}
	EndGlobalSection
EndGlobal
